
Microsoft Visual Studio Solution File, Format Version 12.00
# Visual Studio Version 17
VisualStudioVersion = 17.5.33627.172
MinimumVisualStudioVersion = 10.0.40219.1
Project("{FAE04EC0-301F-11D3-BF4B-00C04F79EFBC}") = "EDI Reader v0.1", "EDI Reader v0.1\EDI Reader v0.1.csproj", "{D34F1463-ACC0-40BF-B83E-69417081D653}"
EndProject
Global
	GlobalSection(SolutionConfigurationPlatforms) = preSolution
		Debug|Any CPU = Debug|Any CPU
		Release|Any CPU = Release|Any CPU
	EndGlobalSection
	GlobalSection(ProjectConfigurationPlatforms) = postSolution
		{D34F1463-ACC0-40BF-B83E-69417081D653}.Debug|Any CPU.ActiveCfg = Debug|Any CPU
		{D34F1463-ACC0-40BF-B83E-69417081D653}.Debug|Any CPU.Build.0 = Debug|Any CPU
		{D34F1463-ACC0-40BF-B83E-69417081D653}.Release|Any CPU.ActiveCfg = Release|Any CPU
		{D34F1463-ACC0-40BF-B83E-69417081D653}.Release|Any CPU.Build.0 = Release|Any CPU
	EndGlobalSection
	GlobalSection(SolutionProperties) = preSolution
		HideSolutionNode = FALSE
	EndGlobalSection
	GlobalSection(ExtensibilityGlobals) = postSolution
		SolutionGuid = {08C834AB-2FCE-4E93-850D-36D6DC8CA352}
	EndGlobalSection
EndGlobal
